{
  "name": "hexo-site",
  "version": "0.0.0",
  "lockfileVersion": 1,
  "requires": true,
  "dependencies": {
    "hexo": {
      "version": "3.7.1",
      "resolved": "http://registry.npm.taobao.org/hexo/download/hexo-3.7.1.tgz",
      "requires": {
        "nunjucks": "^3.1.2"
      },
      "dependencies": {
        "abbrev": {
          "version": "http://registry.npm.taobao.org/abbrev/download/abbrev-1.1.1.tgz",
          "bundled": true
        },
        "archy": {
          "version": "http://registry.npm.taobao.org/archy/download/archy-1.0.0.tgz",
          "bundled": true
        },
        "bluebird": {
          "version": "http://registry.npm.taobao.org/bluebird/download/bluebird-3.5.1.tgz",
          "bundled": true
        },
        "chalk": {
          "version": "http://registry.npm.taobao.org/chalk/download/chalk-2.4.1.tgz",
          "bundled": true
        },
        "cheerio": {
          "version": "http://registry.npm.taobao.org/cheerio/download/cheerio-0.22.0.tgz",
          "bundled": true,
          "dependencies": {
            "css-select": {
              "version": "http://registry.npm.taobao.org/css-select/download/css-select-1.2.0.tgz"
            },
            "dom-serializer": {
              "version": "http://registry.npm.taobao.org/dom-serializer/download/dom-serializer-0.1.0.tgz",
              "dependencies": {
                "domelementtype": {
                  "version": "http://registry.npm.taobao.org/domelementtype/download/domelementtype-1.1.3.tgz"
                },
                "entities": {
                  "version": "http://registry.npm.taobao.org/entities/download/entities-1.1.1.tgz"
                }
              }
            },
            "entities": {
              "version": "http://registry.npm.taobao.org/entities/download/entities-1.1.1.tgz"
            },
            "htmlparser2": {
              "version": "http://registry.npm.taobao.org/htmlparser2/download/htmlparser2-3.9.2.tgz"
            },
            "lodash.assignin": {
              "version": "http://registry.npm.taobao.org/lodash.assignin/download/lodash.assignin-4.2.0.tgz"
            },
            "lodash.bind": {
              "version": "http://registry.npm.taobao.org/lodash.bind/download/lodash.bind-4.2.1.tgz"
            },
            "lodash.defaults": {
              "version": "http://registry.npm.taobao.org/lodash.defaults/download/lodash.defaults-4.2.0.tgz"
            },
            "lodash.filter": {
              "version": "http://registry.npm.taobao.org/lodash.filter/download/lodash.filter-4.6.0.tgz"
            },
            "lodash.flatten": {
              "version": "http://registry.npm.taobao.org/lodash.flatten/download/lodash.flatten-4.4.0.tgz"
            },
            "lodash.foreach": {
              "version": "http://registry.npm.taobao.org/lodash.foreach/download/lodash.foreach-4.5.0.tgz"
            },
            "lodash.map": {
              "version": "http://registry.npm.taobao.org/lodash.map/download/lodash.map-4.6.0.tgz"
            },
            "lodash.merge": {
              "version": "http://registry.npm.taobao.org/lodash.merge/download/lodash.merge-4.6.1.tgz"
            },
            "lodash.pick": {
              "version": "http://registry.npm.taobao.org/lodash.pick/download/lodash.pick-4.4.0.tgz"
            },
            "lodash.reduce": {
              "version": "http://registry.npm.taobao.org/lodash.reduce/download/lodash.reduce-4.6.0.tgz"
            },
            "lodash.reject": {
              "version": "http://registry.npm.taobao.org/lodash.reject/download/lodash.reject-4.6.0.tgz"
            },
            "lodash.some": {
              "version": "http://registry.npm.taobao.org/lodash.some/download/lodash.some-4.6.0.tgz"
            }
          }
        },
        "hexo-cli": {
          "version": "http://registry.npm.taobao.org/hexo-cli/download/hexo-cli-1.1.0.tgz",
          "bundled": true
        },
        "hexo-front-matter": {
          "version": "http://registry.npm.taobao.org/hexo-front-matter/download/hexo-front-matter-0.2.3.tgz",
          "bundled": true
        },
        "hexo-fs": {
          "version": "http://registry.npm.taobao.org/hexo-fs/download/hexo-fs-0.2.3.tgz",
          "bundled": true,
          "dependencies": {
            "bluebird": {
              "version": "http://registry.npm.taobao.org/bluebird/download/bluebird-3.5.1.tgz"
            },
            "chokidar": {
              "version": "http://registry.npm.taobao.org/chokidar/download/chokidar-1.7.0.tgz"
            },
            "escape-string-regexp": {
              "version": "http://registry.npm.taobao.org/escape-string-regexp/download/escape-string-regexp-1.0.5.tgz"
            },
            "graceful-fs": {
              "version": "http://registry.npm.taobao.org/graceful-fs/download/graceful-fs-4.1.11.tgz"
            }
          }
        },
        "hexo-i18n": {
          "version": "http://registry.npm.taobao.org/hexo-i18n/download/hexo-i18n-0.2.1.tgz",
          "bundled": true
        },
        "hexo-log": {
          "version": "http://registry.npm.taobao.org/hexo-log/download/hexo-log-0.2.0.tgz",
          "bundled": true,
          "dependencies": {
            "chalk": {
              "version": "http://registry.npm.taobao.org/chalk/download/chalk-1.1.3.tgz",
              "dependencies": {
                "ansi-styles": {
                  "version": "http://registry.npm.taobao.org/ansi-styles/download/ansi-styles-2.2.1.tgz"
                },
                "escape-string-regexp": {
                  "version": "http://registry.npm.taobao.org/escape-string-regexp/download/escape-string-regexp-1.0.5.tgz"
                },
                "has-ansi": {
                  "version": "http://registry.npm.taobao.org/has-ansi/download/has-ansi-2.0.0.tgz"
                },
                "strip-ansi": {
                  "version": "http://registry.npm.taobao.org/strip-ansi/download/strip-ansi-3.0.1.tgz"
                },
                "supports-color": {
                  "version": "http://registry.npm.taobao.org/supports-color/download/supports-color-2.0.0.tgz"
                }
              }
            },
            "hexo-bunyan": {
              "version": "http://registry.npm.taobao.org/hexo-bunyan/download/hexo-bunyan-1.0.0.tgz"
            }
          }
        },
        "hexo-util": {
          "version": "http://registry.npm.taobao.org/hexo-util/download/hexo-util-0.6.3.tgz",
          "bundled": true,
          "dependencies": {
            "bluebird": {
              "version": "http://registry.npm.taobao.org/bluebird/download/bluebird-3.5.1.tgz",
              "bundled": true
            },
            "camel-case": {
              "version": "http://registry.npm.taobao.org/camel-case/download/camel-case-3.0.0.tgz",
              "bundled": true
            },
            "cross-spawn": {
              "version": "http://registry.npm.taobao.org/cross-spawn/download/cross-spawn-4.0.2.tgz",
              "bundled": true
            },
            "highlight.js": {
              "version": "http://registry.npm.taobao.org/highlight.js/download/highlight.js-9.12.0.tgz",
              "bundled": true
            },
            "html-entities": {
              "version": "http://registry.npm.taobao.org/html-entities/download/html-entities-1.2.1.tgz",
              "bundled": true
            },
            "striptags": {
              "version": "http://registry.npm.taobao.org/striptags/download/striptags-2.2.1.tgz",
              "bundled": true
            }
          }
        },
        "js-yaml": {
          "version": "http://registry.npm.taobao.org/js-yaml/download/js-yaml-3.12.0.tgz",
          "bundled": true,
          "dependencies": {
            "argparse": {
              "version": "http://registry.npm.taobao.org/argparse/download/argparse-1.0.10.tgz",
              "bundled": true
            },
            "esprima": {
              "version": "http://registry.npm.taobao.org/esprima/download/esprima-4.0.0.tgz",
              "bundled": true
            }
          }
        },
        "lodash": {
          "version": "http://registry.npm.taobao.org/lodash/download/lodash-4.17.10.tgz",
          "bundled": true
        },
        "minimatch": {
          "version": "http://registry.npm.taobao.org/minimatch/download/minimatch-3.0.4.tgz",
          "bundled": true,
          "dependencies": {
            "brace-expansion": {
              "version": "http://registry.npm.taobao.org/brace-expansion/download/brace-expansion-1.1.11.tgz"
            }
          }
        },
        "moment": {
          "version": "http://registry.npm.taobao.org/moment/download/moment-2.22.2.tgz",
          "bundled": true
        },
        "moment-timezone": {
          "version": "http://registry.npm.taobao.org/moment-timezone/download/moment-timezone-0.5.17.tgz",
          "bundled": true
        },
        "nunjucks": {
          "version": "http://registry.npm.taobao.org/nunjucks/download/nunjucks-3.1.3.tgz",
          "bundled": true
        },
        "pretty-hrtime": {
          "version": "http://registry.npm.taobao.org/pretty-hrtime/download/pretty-hrtime-1.0.3.tgz",
          "bundled": true
        },
        "resolve": {
          "version": "http://registry.npm.taobao.org/resolve/download/resolve-1.7.1.tgz",
          "bundled": true,
          "dependencies": {
            "path-parse": {
              "version": "http://registry.npm.taobao.org/path-parse/download/path-parse-1.0.5.tgz",
              "bundled": true
            }
          }
        },
        "strip-ansi": {
          "version": "http://registry.npm.taobao.org/strip-ansi/download/strip-ansi-4.0.0.tgz",
          "bundled": true
        },
        "strip-indent": {
          "version": "http://registry.npm.taobao.org/strip-indent/download/strip-indent-2.0.0.tgz",
          "bundled": true
        },
        "swig-extras": {
          "version": "http://registry.npm.taobao.org/swig-extras/download/swig-extras-0.0.1.tgz",
          "bundled": true
        },
        "swig-templates": {
          "version": "http://registry.npm.taobao.org/swig-templates/download/swig-templates-2.0.2.tgz",
          "bundled": true
        },
        "text-table": {
          "version": "http://registry.npm.taobao.org/text-table/download/text-table-0.2.0.tgz",
          "bundled": true
        },
        "tildify": {
          "version": "http://registry.npm.taobao.org/tildify/download/tildify-1.2.0.tgz",
          "bundled": true,
          "dependencies": {
            "os-homedir": {
              "version": "http://registry.npm.taobao.org/os-homedir/download/os-homedir-1.0.2.tgz"
            }
          }
        },
        "titlecase": {
          "version": "http://registry.npm.taobao.org/titlecase/download/titlecase-1.1.2.tgz",
          "bundled": true
        },
        "warehouse": {
          "version": "http://registry.npm.taobao.org/warehouse/download/warehouse-2.2.0.tgz",
          "bundled": true
        }
      }
    },
    "hexo-deployer-git": {
      "version": "0.3.1",
      "resolved": "http://registry.npm.taobao.org/hexo-deployer-git/download/hexo-deployer-git-0.3.1.tgz",
      "dependencies": {
        "babel-eslint": {
          "version": "http://registry.npm.taobao.org/babel-eslint/download/babel-eslint-7.2.3.tgz",
          "bundled": true,
          "dependencies": {
            "babel-code-frame": {
              "version": "http://registry.npm.taobao.org/babel-code-frame/download/babel-code-frame-6.26.0.tgz",
              "dependencies": {
                "chalk": {
                  "version": "http://registry.npm.taobao.org/chalk/download/chalk-1.1.3.tgz"
                },
                "esutils": {
                  "version": "http://registry.npm.taobao.org/esutils/download/esutils-2.0.2.tgz"
                },
                "js-tokens": {
                  "version": "http://registry.npm.taobao.org/js-tokens/download/js-tokens-3.0.2.tgz"
                }
              }
            },
            "babel-traverse": {
              "version": "http://registry.npm.taobao.org/babel-traverse/download/babel-traverse-6.26.0.tgz"
            },
            "babel-types": {
              "version": "http://registry.npm.taobao.org/babel-types/download/babel-types-6.26.0.tgz",
              "dependencies": {
                "babel-runtime": {
                  "version": "http://registry.npm.taobao.org/babel-runtime/download/babel-runtime-6.26.0.tgz"
                },
                "esutils": {
                  "version": "http://registry.npm.taobao.org/esutils/download/esutils-2.0.2.tgz"
                },
                "lodash": {
                  "version": "http://registry.npm.taobao.org/lodash/download/lodash-4.17.10.tgz"
                },
                "to-fast-properties": {
                  "version": "http://registry.npm.taobao.org/to-fast-properties/download/to-fast-properties-1.0.3.tgz"
                }
              }
            },
            "babylon": {
              "version": "http://registry.npm.taobao.org/babylon/download/babylon-6.18.0.tgz"
            }
          }
        },
        "bluebird": {
          "version": "http://registry.npm.taobao.org/bluebird/download/bluebird-3.5.1.tgz",
          "bundled": true
        },
        "chalk": {
          "version": "http://registry.npm.taobao.org/chalk/download/chalk-1.1.3.tgz",
          "bundled": true,
          "dependencies": {
            "ansi-styles": {
              "version": "http://registry.npm.taobao.org/ansi-styles/download/ansi-styles-2.2.1.tgz"
            },
            "escape-string-regexp": {
              "version": "http://registry.npm.taobao.org/escape-string-regexp/download/escape-string-regexp-1.0.5.tgz"
            },
            "has-ansi": {
              "version": "http://registry.npm.taobao.org/has-ansi/download/has-ansi-2.0.0.tgz"
            },
            "strip-ansi": {
              "version": "http://registry.npm.taobao.org/strip-ansi/download/strip-ansi-3.0.1.tgz"
            },
            "supports-color": {
              "version": "http://registry.npm.taobao.org/supports-color/download/supports-color-2.0.0.tgz"
            }
          }
        },
        "hexo-fs": {
          "version": "http://registry.npm.taobao.org/hexo-fs/download/hexo-fs-0.2.3.tgz",
          "bundled": true,
          "dependencies": {
            "bluebird": {
              "version": "http://registry.npm.taobao.org/bluebird/download/bluebird-3.5.1.tgz"
            },
            "chokidar": {
              "version": "http://registry.npm.taobao.org/chokidar/download/chokidar-1.7.0.tgz"
            },
            "escape-string-regexp": {
              "version": "http://registry.npm.taobao.org/escape-string-regexp/download/escape-string-regexp-1.0.5.tgz"
            },
            "graceful-fs": {
              "version": "http://registry.npm.taobao.org/graceful-fs/download/graceful-fs-4.1.11.tgz"
            }
          }
        },
        "hexo-util": {
          "version": "http://registry.npm.taobao.org/hexo-util/download/hexo-util-0.6.3.tgz",
          "bundled": true
        },
        "moment": {
          "version": "http://registry.npm.taobao.org/moment/download/moment-2.22.2.tgz",
          "bundled": true
        },
        "swig": {
          "version": "http://registry.npm.taobao.org/swig/download/swig-1.4.2.tgz",
          "bundled": true
        }
      }
    },
    "hexo-generator-archive": {
      "version": "0.1.5",
      "resolved": "http://registry.npm.taobao.org/hexo-generator-archive/download/hexo-generator-archive-0.1.5.tgz",
      "requires": {
        "object-assign": "^2.0.0"
      },
      "dependencies": {
        "hexo-pagination": {
          "version": "http://registry.npm.taobao.org/hexo-pagination/download/hexo-pagination-0.0.2.tgz"
        },
        "object-assign": {
          "version": "http://registry.npm.taobao.org/object-assign/download/object-assign-2.1.1.tgz"
        }
      }
    },
    "hexo-generator-category": {
      "version": "0.1.3",
      "resolved": "http://registry.npm.taobao.org/hexo-generator-category/download/hexo-generator-category-0.1.3.tgz",
      "requires": {
        "object-assign": "^2.0.0"
      },
      "dependencies": {
        "hexo-pagination": {
          "version": "http://registry.npm.taobao.org/hexo-pagination/download/hexo-pagination-0.0.2.tgz",
          "dependencies": {
            "utils-merge": {
              "version": "http://registry.npm.taobao.org/utils-merge/download/utils-merge-1.0.1.tgz",
              "bundled": true
            }
          }
        },
        "object-assign": {
          "version": "http://registry.npm.taobao.org/object-assign/download/object-assign-2.1.1.tgz"
        }
      }
    },
    "hexo-generator-feed": {
      "version": "1.2.2",
      "resolved": "https://registry.npmjs.org/hexo-generator-feed/-/hexo-generator-feed-1.2.2.tgz",
      "integrity": "sha512-4jcvVhFgpEFRJ7A+KhBSfWoQaewRBjcVWEO4OmBgnvaZOm6XwK+b5ZXx/8BpujCLHbjXWzglXhiT7qFFS/nvzw==",
      "requires": {
        "nunjucks": "^3.0.0"
      }
    },
    "hexo-generator-index": {
      "version": "0.2.1",
      "resolved": "http://registry.npm.taobao.org/hexo-generator-index/download/hexo-generator-index-0.2.1.tgz",
      "dependencies": {
        "hexo-pagination": {
          "version": "http://registry.npm.taobao.org/hexo-pagination/download/hexo-pagination-0.0.2.tgz",
          "bundled": true,
          "dependencies": {
            "utils-merge": {
              "version": "http://registry.npm.taobao.org/utils-merge/download/utils-merge-1.0.1.tgz",
              "bundled": true
            }
          }
        },
        "object-assign": {
          "version": "http://registry.npm.taobao.org/object-assign/download/object-assign-4.1.1.tgz",
          "bundled": true
        }
      }
    },
    "hexo-generator-tag": {
      "version": "0.2.0",
      "resolved": "http://registry.npm.taobao.org/hexo-generator-tag/download/hexo-generator-tag-0.2.0.tgz",
      "dependencies": {
        "hexo-pagination": {
          "version": "http://registry.npm.taobao.org/hexo-pagination/download/hexo-pagination-0.0.2.tgz",
          "dependencies": {
            "utils-merge": {
              "version": "http://registry.npm.taobao.org/utils-merge/download/utils-merge-1.0.1.tgz",
              "bundled": true
            }
          }
        },
        "object-assign": {
          "version": "http://registry.npm.taobao.org/object-assign/download/object-assign-4.1.1.tgz"
        }
      }
    },
    "hexo-renderer-ejs": {
      "version": "0.3.1",
      "resolved": "http://registry.npm.taobao.org/hexo-renderer-ejs/download/hexo-renderer-ejs-0.3.1.tgz",
      "dependencies": {
        "ejs": {
          "version": "http://registry.npm.taobao.org/ejs/download/ejs-2.6.1.tgz"
        },
        "object-assign": {
          "version": "http://registry.npm.taobao.org/object-assign/download/object-assign-4.1.1.tgz"
        }
      }
    },
    "hexo-renderer-jade": {
      "version": "0.4.1",
      "resolved": "http://registry.npm.taobao.org/hexo-renderer-jade/download/hexo-renderer-jade-0.4.1.tgz",
      "dependencies": {
        "jade": {
          "version": "http://registry.npm.taobao.org/jade/download/jade-1.11.0.tgz",
          "bundled": true
        },
        "pug": {
          "version": "http://registry.npm.taobao.org/pug/download/pug-2.0.3.tgz",
          "bundled": true
        }
      }
    },
    "hexo-renderer-marked": {
      "version": "0.3.2",
      "resolved": "http://registry.npm.taobao.org/hexo-renderer-marked/download/hexo-renderer-marked-0.3.2.tgz",
      "dependencies": {
        "hexo-util": {
          "version": "http://registry.npm.taobao.org/hexo-util/download/hexo-util-0.6.3.tgz",
          "bundled": true,
          "dependencies": {
            "bluebird": {
              "version": "http://registry.npm.taobao.org/bluebird/download/bluebird-3.5.1.tgz",
              "bundled": true
            },
            "camel-case": {
              "version": "http://registry.npm.taobao.org/camel-case/download/camel-case-3.0.0.tgz",
              "bundled": true
            },
            "cross-spawn": {
              "version": "http://registry.npm.taobao.org/cross-spawn/download/cross-spawn-4.0.2.tgz",
              "bundled": true
            },
            "highlight.js": {
              "version": "http://registry.npm.taobao.org/highlight.js/download/highlight.js-9.12.0.tgz",
              "bundled": true
            },
            "html-entities": {
              "version": "http://registry.npm.taobao.org/html-entities/download/html-entities-1.2.1.tgz",
              "bundled": true
            },
            "striptags": {
              "version": "http://registry.npm.taobao.org/striptags/download/striptags-2.2.1.tgz",
              "bundled": true
            }
          }
        },
        "marked": {
          "version": "http://registry.npm.taobao.org/marked/download/marked-0.3.19.tgz",
          "bundled": true
        },
        "object-assign": {
          "version": "http://registry.npm.taobao.org/object-assign/download/object-assign-4.1.1.tgz",
          "bundled": true
        },
        "strip-indent": {
          "version": "http://registry.npm.taobao.org/strip-indent/download/strip-indent-2.0.0.tgz",
          "bundled": true
        }
      }
    },
    "hexo-renderer-stylus": {
      "version": "0.3.3",
      "resolved": "http://registry.npm.taobao.org/hexo-renderer-stylus/download/hexo-renderer-stylus-0.3.3.tgz",
      "dependencies": {
        "nib": {
          "version": "http://registry.npm.taobao.org/nib/download/nib-1.1.2.tgz",
          "dependencies": {
            "stylus": {
              "version": "http://registry.npm.taobao.org/stylus/download/stylus-0.54.5.tgz",
              "bundled": true
            }
          }
        },
        "stylus": {
          "version": "http://registry.npm.taobao.org/stylus/download/stylus-0.54.5.tgz",
          "dependencies": {
            "css-parse": {
              "version": "http://registry.npm.taobao.org/css-parse/download/css-parse-1.7.0.tgz",
              "bundled": true
            },
            "debug": {
              "version": "http://registry.npm.taobao.org/debug/download/debug-3.1.0.tgz",
              "bundled": true
            },
            "glob": {
              "version": "http://registry.npm.taobao.org/glob/download/glob-7.0.6.tgz",
              "bundled": true,
              "dependencies": {
                "fs.realpath": {
                  "version": "http://registry.npm.taobao.org/fs.realpath/download/fs.realpath-1.0.0.tgz"
                },
                "inflight": {
                  "version": "http://registry.npm.taobao.org/inflight/download/inflight-1.0.6.tgz",
                  "dependencies": {
                    "once": {
                      "version": "http://registry.npm.taobao.org/once/download/once-1.4.0.tgz"
                    },
                    "wrappy": {
                      "version": "http://registry.npm.taobao.org/wrappy/download/wrappy-1.0.2.tgz"
                    }
                  }
                },
                "inherits": {
                  "version": "http://registry.npm.taobao.org/inherits/download/inherits-2.0.3.tgz"
                },
                "minimatch": {
                  "version": "http://registry.npm.taobao.org/minimatch/download/minimatch-3.0.4.tgz"
                },
                "once": {
                  "version": "http://registry.npm.taobao.org/once/download/once-1.4.0.tgz",
                  "dependencies": {
                    "wrappy": {
                      "version": "http://registry.npm.taobao.org/wrappy/download/wrappy-1.0.2.tgz",
                      "bundled": true
                    }
                  }
                },
                "path-is-absolute": {
                  "version": "http://registry.npm.taobao.org/path-is-absolute/download/path-is-absolute-1.0.1.tgz"
                }
              }
            },
            "mkdirp": {
              "version": "http://registry.npm.taobao.org/mkdirp/download/mkdirp-0.5.1.tgz",
              "bundled": true,
              "dependencies": {
                "minimist": {
                  "version": "http://registry.npm.taobao.org/minimist/download/minimist-0.0.8.tgz"
                }
              }
            },
            "sax": {
              "version": "http://registry.npm.taobao.org/sax/download/sax-0.5.8.tgz",
              "bundled": true
            },
            "source-map": {
              "version": "http://registry.npm.taobao.org/source-map/download/source-map-0.1.43.tgz",
              "bundled": true
            }
          }
        }
      }
    },
    "hexo-server": {
      "version": "0.2.2",
      "resolved": "http://registry.npm.taobao.org/hexo-server/download/hexo-server-0.2.2.tgz",
      "dependencies": {
        "bluebird": {
          "version": "http://registry.npm.taobao.org/bluebird/download/bluebird-3.5.1.tgz",
          "bundled": true
        },
        "chalk": {
          "version": "http://registry.npm.taobao.org/chalk/download/chalk-1.1.3.tgz",
          "bundled": true,
          "dependencies": {
            "ansi-styles": {
              "version": "http://registry.npm.taobao.org/ansi-styles/download/ansi-styles-2.2.1.tgz"
            },
            "escape-string-regexp": {
              "version": "http://registry.npm.taobao.org/escape-string-regexp/download/escape-string-regexp-1.0.5.tgz"
            },
            "has-ansi": {
              "version": "http://registry.npm.taobao.org/has-ansi/download/has-ansi-2.0.0.tgz"
            },
            "strip-ansi": {
              "version": "http://registry.npm.taobao.org/strip-ansi/download/strip-ansi-3.0.1.tgz"
            },
            "supports-color": {
              "version": "http://registry.npm.taobao.org/supports-color/download/supports-color-2.0.0.tgz"
            }
          }
        },
        "compression": {
          "version": "http://registry.npm.taobao.org/compression/download/compression-1.7.2.tgz",
          "bundled": true
        },
        "connect": {
          "version": "http://registry.npm.taobao.org/connect/download/connect-3.6.6.tgz",
          "bundled": true
        },
        "mime": {
          "version": "http://registry.npm.taobao.org/mime/download/mime-1.6.0.tgz",
          "bundled": true
        },
        "morgan": {
          "version": "http://registry.npm.taobao.org/morgan/download/morgan-1.9.0.tgz",
          "bundled": true
        },
        "object-assign": {
          "version": "http://registry.npm.taobao.org/object-assign/download/object-assign-4.1.1.tgz",
          "bundled": true
        },
        "opn": {
          "version": "http://registry.npm.taobao.org/opn/download/opn-4.0.2.tgz",
          "bundled": true
        },
        "serve-static": {
          "version": "http://registry.npm.taobao.org/serve-static/download/serve-static-1.13.2.tgz",
          "bundled": true
        }
      }
    },
    "nunjucks": {
      "version": "3.1.3",
      "resolved": "http://registry.npm.taobao.org/nunjucks/download/nunjucks-3.1.3.tgz",
      "dependencies": {
        "a-sync-waterfall": {
          "version": "http://registry.npm.taobao.org/a-sync-waterfall/download/a-sync-waterfall-1.0.0.tgz",
          "bundled": true
        },
        "asap": {
          "version": "http://registry.npm.taobao.org/asap/download/asap-2.0.6.tgz",
          "bundled": true
        },
        "chokidar": {
          "version": "http://registry.npm.taobao.org/chokidar/download/chokidar-2.0.3.tgz",
          "bundled": true
        },
        "postinstall-build": {
          "version": "http://registry.npm.taobao.org/postinstall-build/download/postinstall-build-5.0.1.tgz",
          "bundled": true
        },
        "yargs": {
          "version": "http://registry.npm.taobao.org/yargs/download/yargs-3.32.0.tgz",
          "bundled": true
        }
      }
    },
    "object-assign": {
      "version": "2.1.1",
      "resolved": "http://registry.npm.taobao.org/object-assign/download/object-assign-2.1.1.tgz"
    }
  }
}
